<?xml version="1.0" encoding="utf-8"?>
<Project ToolsVersion="4.0" xmlns="http://schemas.microsoft.com/developer/msbuild/2003">
  <ItemGroup>
    <Filter Include="源文件">
      <UniqueIdentifier>{4FC737F1-C7A5-4376-A066-2A32D752A2FF}</UniqueIdentifier>
      <Extensions>cpp;c;cc;cxx;def;odl;idl;hpj;bat;asm;asmx</Extensions>
    </Filter>
    <Filter Include="头文件">
      <UniqueIdentifier>{93995380-89BD-4b04-88EB-625FBE52EBFB}</UniqueIdentifier>
      <Extensions>h;hpp;hxx;hm;inl;inc;xsd</Extensions>
    </Filter>
    <Filter Include="资源文件">
      <UniqueIdentifier>{67DA6AB6-F800-4c08-8B7A-83BB121AAD01}</UniqueIdentifier>
      <Extensions>rc;ico;cur;bmp;dlg;rc2;rct;bin;rgs;gif;jpg;jpeg;jpe;resx;tiff;tif;png;wav;mfcribbon-ms</Extensions>
    </Filter>
    <Filter Include="myShaderProgram">
      <UniqueIdentifier>{3be36d8e-246d-4463-ab38-36b1008d89c7}</UniqueIdentifier>
    </Filter>
    <Filter Include="UI">
      <UniqueIdentifier>{b072b8f2-5fa2-4842-a56e-57f76c46ca75}</UniqueIdentifier>
    </Filter>
    <Filter Include="UI\2D">
      <UniqueIdentifier>{d1a98594-dcba-4cc8-8d1a-bc566708d4a4}</UniqueIdentifier>
    </Filter>
    <Filter Include="UI\Resource">
      <UniqueIdentifier>{769d2424-1995-4607-b480-f0d7e0a10b1c}</UniqueIdentifier>
    </Filter>
    <Filter Include="UI\Resource\h">
      <UniqueIdentifier>{0302755b-5cde-4501-9293-7c03279ab26d}</UniqueIdentifier>
    </Filter>
    <Filter Include="UI\Resource\cpp">
      <UniqueIdentifier>{1e46870d-c15d-4ae5-84b9-23dff1adad0f}</UniqueIdentifier>
    </Filter>
    <Filter Include="pharser">
      <UniqueIdentifier>{0aba44e4-5dad-458f-9eb0-5e00f5950bd2}</UniqueIdentifier>
    </Filter>
  </ItemGroup>
  <ItemGroup>
    <None Include="Tutorial00.jpg">
      <Filter>头文件</Filter>
    </None>
  </ItemGroup>
  <ItemGroup>
    <ClInclude Include="Resource.h">
      <Filter>头文件</Filter>
    </ClInclude>
    <ClInclude Include="WindowController.h">
      <Filter>头文件</Filter>
    </ClInclude>
    <ClInclude Include="DX11WBASE.h">
      <Filter>头文件</Filter>
    </ClInclude>
    <ClInclude Include="ShaderProgram.h">
      <Filter>myShaderProgram</Filter>
    </ClInclude>
    <ClInclude Include="MyObject.h">
      <Filter>UI</Filter>
    </ClInclude>
    <ClInclude Include="2DBaseObject.h">
      <Filter>UI\2D</Filter>
    </ClInclude>
    <ClInclude Include="View.h">
      <Filter>UI\2D</Filter>
    </ClInclude>
    <ClInclude Include="MyResource.h">
      <Filter>UI\Resource\h</Filter>
    </ClInclude>
    <ClInclude Include="Texture2D.h">
      <Filter>UI\Resource\h</Filter>
    </ClInclude>
    <ClInclude Include="Sampler.h">
      <Filter>UI\Resource\h</Filter>
    </ClInclude>
    <ClInclude Include="Texture.h">
      <Filter>UI\Resource\h</Filter>
    </ClInclude>
    <ClInclude Include="phrase\FileProcessor.h">
      <Filter>pharser</Filter>
    </ClInclude>
    <ClInclude Include="phrase\Chunk.h">
      <Filter>pharser</Filter>
    </ClInclude>
    <ClInclude Include="ModelMesh.h">
      <Filter>UI\Resource\h</Filter>
    </ClInclude>
    <ClInclude Include="ModelGroup.h">
      <Filter>UI\Resource\h</Filter>
    </ClInclude>
    <ClInclude Include="ModelPhraser.h">
      <Filter>pharser</Filter>
    </ClInclude>
    <ClInclude Include="shaderResources.h">
      <Filter>myShaderProgram</Filter>
    </ClInclude>
    <ClInclude Include="BonedMesh.h">
      <Filter>UI\Resource\h</Filter>
    </ClInclude>
    <ClInclude Include="BonedMeshGroup.h">
      <Filter>UI\Resource\h</Filter>
    </ClInclude>
    <ClInclude Include="BoneGroup.h">
      <Filter>UI\Resource\h</Filter>
    </ClInclude>
    <ClInclude Include="Effect.h">
      <Filter>UI</Filter>
    </ClInclude>
  </ItemGroup>
  <ItemGroup>
    <ClCompile Include="Tutorial00.cpp">
      <Filter>源文件</Filter>
    </ClCompile>
    <ClCompile Include="WindowController.cpp">
      <Filter>源文件</Filter>
    </ClCompile>
    <ClCompile Include="DX11WBASE.cpp">
      <Filter>源文件</Filter>
    </ClCompile>
    <ClCompile Include="ShaderProgram.cpp">
      <Filter>myShaderProgram</Filter>
    </ClCompile>
    <ClCompile Include="2DBaseObject.cpp">
      <Filter>UI\2D</Filter>
    </ClCompile>
    <ClCompile Include="View.cpp">
      <Filter>UI\2D</Filter>
    </ClCompile>
    <ClCompile Include="MyResource.cpp">
      <Filter>UI\Resource\cpp</Filter>
    </ClCompile>
    <ClCompile Include="Sampler.cpp">
      <Filter>UI\Resource\cpp</Filter>
    </ClCompile>
    <ClCompile Include="Texture.cpp">
      <Filter>UI\Resource\cpp</Filter>
    </ClCompile>
    <ClCompile Include="Texture2D.cpp">
      <Filter>UI\Resource\cpp</Filter>
    </ClCompile>
    <ClCompile Include="phrase\chunkprocessor.cpp">
      <Filter>pharser</Filter>
    </ClCompile>
    <ClCompile Include="phrase\FileProcessor.cpp">
      <Filter>pharser</Filter>
    </ClCompile>
    <ClCompile Include="ModelMesh.cpp">
      <Filter>UI\Resource\cpp</Filter>
    </ClCompile>
    <ClCompile Include="ModelGroup.cpp">
      <Filter>UI\Resource\cpp</Filter>
    </ClCompile>
    <ClCompile Include="winmain.cpp">
      <Filter>源文件</Filter>
    </ClCompile>
    <ClCompile Include="BonedMesh.cpp">
      <Filter>UI\Resource\cpp</Filter>
    </ClCompile>
    <ClCompile Include="BonedMeshGroup.cpp">
      <Filter>UI\Resource\cpp</Filter>
    </ClCompile>
    <ClCompile Include="BoneGroup.cpp">
      <Filter>UI\Resource\cpp</Filter>
    </ClCompile>
  </ItemGroup>
</Project>