<?xml version="1.0" encoding="utf-8"?>
<Project ToolsVersion="4.0" xmlns="http://schemas.microsoft.com/developer/msbuild/2003">
  <ItemGroup>
    <Filter Include="源文件">
      <UniqueIdentifier>{4FC737F1-C7A5-4376-A066-2A32D752A2FF}</UniqueIdentifier>
      <Extensions>cpp;c;cc;cxx;def;odl;idl;hpj;bat;asm;asmx</Extensions>
    </Filter>
    <Filter Include="头文件">
      <UniqueIdentifier>{93995380-89BD-4b04-88EB-625FBE52EBFB}</UniqueIdentifier>
      <Extensions>h;hpp;hxx;hm;inl;inc;xsd</Extensions>
    </Filter>
    <Filter Include="资源文件">
      <UniqueIdentifier>{67DA6AB6-F800-4c08-8B7A-83BB121AAD01}</UniqueIdentifier>
      <Extensions>rc;ico;cur;bmp;dlg;rc2;rct;bin;rgs;gif;jpg;jpeg;jpe;resx;tiff;tif;png;wav;mfcribbon-ms</Extensions>
    </Filter>
    <Filter Include="UI">
      <UniqueIdentifier>{b072b8f2-5fa2-4842-a56e-57f76c46ca75}</UniqueIdentifier>
    </Filter>
    <Filter Include="pharser">
      <UniqueIdentifier>{0aba44e4-5dad-458f-9eb0-5e00f5950bd2}</UniqueIdentifier>
    </Filter>
    <Filter Include="winbase">
      <UniqueIdentifier>{08514ec8-85ec-40c4-ae57-18b0b0a1f3c3}</UniqueIdentifier>
    </Filter>
    <Filter Include="winbase\dx11">
      <UniqueIdentifier>{6b08491b-efb5-4805-a848-ce5d624149a0}</UniqueIdentifier>
    </Filter>
    <Filter Include="MyProgram">
      <UniqueIdentifier>{3be36d8e-246d-4463-ab38-36b1008d89c7}</UniqueIdentifier>
    </Filter>
    <Filter Include="MyProgram\2d">
      <UniqueIdentifier>{4c29b262-0b11-4bee-be11-65624ac5ca7d}</UniqueIdentifier>
    </Filter>
    <Filter Include="MyProgram\resources">
      <UniqueIdentifier>{fd38480b-6892-4f84-8fac-f1fecc8183ce}</UniqueIdentifier>
    </Filter>
    <Filter Include="lua">
      <UniqueIdentifier>{7252966a-7b1a-4a5a-b100-c1a084cdf52a}</UniqueIdentifier>
    </Filter>
    <Filter Include="FX">
      <UniqueIdentifier>{6c55466a-6a9e-40f3-a30b-961bfe86dab5}</UniqueIdentifier>
    </Filter>
  </ItemGroup>
  <ItemGroup>
    <None Include="Tutorial00.jpg">
      <Filter>头文件</Filter>
    </None>
    <None Include="FX\boneAnime.fx">
      <Filter>FX</Filter>
    </None>
    <None Include="FX\Tutorial02.fx">
      <Filter>FX</Filter>
    </None>
    <None Include="FX\Tutorial03.fx">
      <Filter>FX</Filter>
    </None>
    <None Include="FX\Tutorial04.fx">
      <Filter>FX</Filter>
    </None>
  </ItemGroup>
  <ItemGroup>
    <ClInclude Include="Resource.h">
      <Filter>头文件</Filter>
    </ClInclude>
    <ClInclude Include="phrase\FileProcessor.h">
      <Filter>pharser</Filter>
    </ClInclude>
    <ClInclude Include="phrase\Chunk.h">
      <Filter>pharser</Filter>
    </ClInclude>
    <ClInclude Include="ModelPhraser.h">
      <Filter>pharser</Filter>
    </ClInclude>
    <ClInclude Include="winbase\WindowController.h">
      <Filter>winbase</Filter>
    </ClInclude>
    <ClInclude Include="winbase\dx11\DX11WBASE.h">
      <Filter>winbase\dx11</Filter>
    </ClInclude>
    <ClInclude Include="winbase\dx11\ShaderProgram.h">
      <Filter>winbase\dx11</Filter>
    </ClInclude>
    <ClInclude Include="winbase\dx11\shaderResources.h">
      <Filter>winbase\dx11</Filter>
    </ClInclude>
    <ClInclude Include="MyProgram\MyObject.h">
      <Filter>MyProgram</Filter>
    </ClInclude>
    <ClInclude Include="MyProgram\2d\2DBaseObject.h">
      <Filter>MyProgram\2d</Filter>
    </ClInclude>
    <ClInclude Include="MyProgram\2d\View.h">
      <Filter>MyProgram\2d</Filter>
    </ClInclude>
    <ClInclude Include="MyProgram\resources\BonedMesh.h">
      <Filter>MyProgram\resources</Filter>
    </ClInclude>
    <ClInclude Include="MyProgram\resources\BonedMeshGroup.h">
      <Filter>MyProgram\resources</Filter>
    </ClInclude>
    <ClInclude Include="MyProgram\resources\BoneGroup.h">
      <Filter>MyProgram\resources</Filter>
    </ClInclude>
    <ClInclude Include="MyProgram\resources\ModelGroup.h">
      <Filter>MyProgram\resources</Filter>
    </ClInclude>
    <ClInclude Include="MyProgram\resources\ModelMesh.h">
      <Filter>MyProgram\resources</Filter>
    </ClInclude>
    <ClInclude Include="MyProgram\resources\ModelPhraser.h">
      <Filter>MyProgram\resources</Filter>
    </ClInclude>
    <ClInclude Include="MyProgram\resources\MyResource.h">
      <Filter>MyProgram\resources</Filter>
    </ClInclude>
    <ClInclude Include="MyProgram\resources\Sampler.h">
      <Filter>MyProgram\resources</Filter>
    </ClInclude>
    <ClInclude Include="MyProgram\resources\Texture.h">
      <Filter>MyProgram\resources</Filter>
    </ClInclude>
    <ClInclude Include="MyProgram\resources\Texture2D.h">
      <Filter>MyProgram\resources</Filter>
    </ClInclude>
    <ClInclude Include="MyProgram\Effect.h">
      <Filter>MyProgram\resources</Filter>
    </ClInclude>
    <ClInclude Include="lua\MyLuaManager.h">
      <Filter>lua</Filter>
    </ClInclude>
    <ClInclude Include="lua\Lua_Function.h">
      <Filter>lua</Filter>
    </ClInclude>
    <ClInclude Include="winbase\dx11\RenderTarget.h">
      <Filter>winbase\dx11</Filter>
    </ClInclude>
  </ItemGroup>
  <ItemGroup>
    <ClCompile Include="Tutorial00.cpp">
      <Filter>源文件</Filter>
    </ClCompile>
    <ClCompile Include="phrase\chunkprocessor.cpp">
      <Filter>pharser</Filter>
    </ClCompile>
    <ClCompile Include="phrase\FileProcessor.cpp">
      <Filter>pharser</Filter>
    </ClCompile>
    <ClCompile Include="winmain.cpp">
      <Filter>源文件</Filter>
    </ClCompile>
    <ClCompile Include="winbase\WindowController.cpp">
      <Filter>winbase</Filter>
    </ClCompile>
    <ClCompile Include="winbase\dx11\DX11WBASE.cpp">
      <Filter>winbase\dx11</Filter>
    </ClCompile>
    <ClCompile Include="winbase\dx11\ShaderProgram.cpp">
      <Filter>winbase\dx11</Filter>
    </ClCompile>
    <ClCompile Include="MyProgram\2d\2DBaseObject.cpp">
      <Filter>MyProgram\2d</Filter>
    </ClCompile>
    <ClCompile Include="MyProgram\2d\View.cpp">
      <Filter>MyProgram\2d</Filter>
    </ClCompile>
    <ClCompile Include="MyProgram\resources\BonedMesh.cpp">
      <Filter>MyProgram\resources</Filter>
    </ClCompile>
    <ClCompile Include="MyProgram\resources\BonedMeshGroup.cpp">
      <Filter>MyProgram\resources</Filter>
    </ClCompile>
    <ClCompile Include="MyProgram\resources\BoneGroup.cpp">
      <Filter>MyProgram\resources</Filter>
    </ClCompile>
    <ClCompile Include="MyProgram\resources\ModelGroup.cpp">
      <Filter>MyProgram\resources</Filter>
    </ClCompile>
    <ClCompile Include="MyProgram\resources\ModelMesh.cpp">
      <Filter>MyProgram\resources</Filter>
    </ClCompile>
    <ClCompile Include="MyProgram\resources\MyResource.cpp">
      <Filter>MyProgram\resources</Filter>
    </ClCompile>
    <ClCompile Include="MyProgram\resources\Sampler.cpp">
      <Filter>MyProgram\resources</Filter>
    </ClCompile>
    <ClCompile Include="MyProgram\resources\Texture.cpp">
      <Filter>MyProgram\resources</Filter>
    </ClCompile>
    <ClCompile Include="MyProgram\resources\Texture2D.cpp">
      <Filter>MyProgram\resources</Filter>
    </ClCompile>
    <ClCompile Include="lua\MyLuaManager.cpp">
      <Filter>lua</Filter>
    </ClCompile>
    <ClCompile Include="winbase\dx11\RenderTarget.cpp">
      <Filter>winbase\dx11</Filter>
    </ClCompile>
  </ItemGroup>
</Project>